
Microsoft Visual Studio Solution File, Format Version 12.00
# Visual Studio Version 16
VisualStudioVersion = 16.0.30717.126
MinimumVisualStudioVersion = 10.0.40219.1
Project("{FAE04EC0-301F-11D3-BF4B-00C04F79EFBC}") = "AnimalAgenda", "AnimalAgenda\AnimalAgenda.csproj", "{73D1EBA6-0D29-446F-9A21-378F4E459290}"
EndProject
Global
	GlobalSection(SolutionConfigurationPlatforms) = preSolution
		Debug|Any CPU = Debug|Any CPU
		Release|Any CPU = Release|Any CPU
	EndGlobalSection
	GlobalSection(ProjectConfigurationPlatforms) = postSolution
		{73D1EBA6-0D29-446F-9A21-378F4E459290}.Debug|Any CPU.ActiveCfg = Debug|Any CPU
		{73D1EBA6-0D29-446F-9A21-378F4E459290}.Debug|Any CPU.Build.0 = Debug|Any CPU
		{73D1EBA6-0D29-446F-9A21-378F4E459290}.Release|Any CPU.ActiveCfg = Release|Any CPU
		{73D1EBA6-0D29-446F-9A21-378F4E459290}.Release|Any CPU.Build.0 = Release|Any CPU
	EndGlobalSection
	GlobalSection(SolutionProperties) = preSolution
		HideSolutionNode = FALSE
	EndGlobalSection
	GlobalSection(ExtensibilityGlobals) = postSolution
		SolutionGuid = {8E219C55-E968-4F41-A916-38C52A625B7D}
	EndGlobalSection
EndGlobal
